{
  "name": "wpcanvas",
  "version": "1.0.0",
  "lockfileVersion": 3,
  "requires": true,
  "packages": {
    "": {
      "name": "wpcanvas",
      "version": "1.0.0",
      "license": "ISC",
      "dependencies": {
        "@studio-freight/lenis": "^1.0.29",
        "uikit": "^3.17.11"
      }
    },
    "node_modules/@studio-freight/lenis": {
      "version": "1.0.29",
      "resolved": "https://registry.npmjs.org/@studio-freight/lenis/-/lenis-1.0.29.tgz",
      "integrity": "sha512-z/qS8ato5m2wlxQREYj5iALcxMrhhm06vEiLqYzLI+3HmpPzPscmJ8cXNiay4bj692vOot2hyTA3WP++AQVoKA=="
    },
    "node_modules/uikit": {
      "version": "3.17.11",
      "resolved": "https://registry.npmjs.org/uikit/-/uikit-3.17.11.tgz",
      "integrity": "sha512-B5DL8pQnjNWKsiuoIyLQoV7ODr/UH8Qcyt0hhYXdvNIaGnwezIBLV7asnid2EW/rt8e5d44J4xgJqPBHWa1VWA=="
    }
  }
}
