{
  "name": "wpcanvas",
  "version": "1.0.0",
  "lockfileVersion": 3,
  "requires": true,
  "packages": {
    "": {
      "name": "wpcanvas",
      "version": "1.0.0",
      "license": "ISC",
      "dependencies": {
        "uikit": "^3.17.11"
      }
    },
    "node_modules/uikit": {
      "version": "3.17.11",
      "resolved": "https://registry.npmjs.org/uikit/-/uikit-3.17.11.tgz",
      "integrity": "sha512-B5DL8pQnjNWKsiuoIyLQoV7ODr/UH8Qcyt0hhYXdvNIaGnwezIBLV7asnid2EW/rt8e5d44J4xgJqPBHWa1VWA=="
    }
  }
}
